
Microsoft Visual Studio Solution File, Format Version 12.00
# Visual Studio Version 17
VisualStudioVersion = 17.0.31919.166
MinimumVisualStudioVersion = 10.0.40219.1
Project("{2150E333-8FDC-42A3-9474-1A3956D46DE8}") = "src", "src", "{1987061F-8970-4018-8D58-6932961C9EB4}"
EndProject
Project("{2150E333-8FDC-42A3-9474-1A3956D46DE8}") = "docs", "docs", "{15598FE3-201F-4255-9ADA-622B52D2A6ED}"
	ProjectSection(SolutionItems) = preProject
		.editorconfig = .editorconfig
		.gitignore = .gitignore
		Directory.Build.props = Directory.Build.props
		LICENSE = LICENSE
		README.md = README.md
	EndProjectSection
EndProject
Project("{9A19103F-16F7-4668-BE54-9A1E7A4F7556}") = "MagicOnion.Abstractions", "src\MagicOnion.Abstractions\MagicOnion.Abstractions.csproj", "{2AD48C05-ED44-4E4F-B86B-A746E7F968A9}"
EndProject
Project("{2150E333-8FDC-42A3-9474-1A3956D46DE8}") = "build", "build", "{42EBB7E4-52D7-4E57-80AD-79FDD4900E13}"
	ProjectSection(SolutionItems) = preProject
		Directory.Build.props = Directory.Build.props
	EndProjectSection
EndProject
Project("{9A19103F-16F7-4668-BE54-9A1E7A4F7556}") = "MagicOnion.Client", "src\MagicOnion.Client\MagicOnion.Client.csproj", "{4DE802A2-426D-4074-B9F3-710980B3EDA8}"
EndProject
Project("{9A19103F-16F7-4668-BE54-9A1E7A4F7556}") = "MagicOnion.Shared", "src\MagicOnion.Shared\MagicOnion.Shared.csproj", "{45A800CF-C0D0-40A8-B070-9AC2C3E4312F}"
EndProject
Project("{2150E333-8FDC-42A3-9474-1A3956D46DE8}") = "workflows", "workflows", "{A8550C24-2486-49DA-8D1A-DB6BBB2E9905}"
	ProjectSection(SolutionItems) = preProject
		.github\workflows\build-canary.yml = .github\workflows\build-canary.yml
		.github\workflows\build-debug.yml = .github\workflows\build-debug.yml
		.github\workflows\build-docs.yml = .github\workflows\build-docs.yml
		.github\workflows\build-release.yml = .github\workflows\build-release.yml
	EndProjectSection
EndProject
Global
	GlobalSection(SolutionConfigurationPlatforms) = preSolution
		Debug|Any CPU = Debug|Any CPU
		Release|Any CPU = Release|Any CPU
	EndGlobalSection
	GlobalSection(ProjectConfigurationPlatforms) = postSolution
		{2AD48C05-ED44-4E4F-B86B-A746E7F968A9}.Debug|Any CPU.ActiveCfg = Debug|Any CPU
		{2AD48C05-ED44-4E4F-B86B-A746E7F968A9}.Debug|Any CPU.Build.0 = Debug|Any CPU
		{2AD48C05-ED44-4E4F-B86B-A746E7F968A9}.Release|Any CPU.ActiveCfg = Release|Any CPU
		{2AD48C05-ED44-4E4F-B86B-A746E7F968A9}.Release|Any CPU.Build.0 = Release|Any CPU
		{4DE802A2-426D-4074-B9F3-710980B3EDA8}.Debug|Any CPU.ActiveCfg = Debug|Any CPU
		{4DE802A2-426D-4074-B9F3-710980B3EDA8}.Debug|Any CPU.Build.0 = Debug|Any CPU
		{4DE802A2-426D-4074-B9F3-710980B3EDA8}.Release|Any CPU.ActiveCfg = Release|Any CPU
		{4DE802A2-426D-4074-B9F3-710980B3EDA8}.Release|Any CPU.Build.0 = Release|Any CPU
		{45A800CF-C0D0-40A8-B070-9AC2C3E4312F}.Debug|Any CPU.ActiveCfg = Debug|Any CPU
		{45A800CF-C0D0-40A8-B070-9AC2C3E4312F}.Debug|Any CPU.Build.0 = Debug|Any CPU
		{45A800CF-C0D0-40A8-B070-9AC2C3E4312F}.Release|Any CPU.ActiveCfg = Release|Any CPU
		{45A800CF-C0D0-40A8-B070-9AC2C3E4312F}.Release|Any CPU.Build.0 = Release|Any CPU
	EndGlobalSection
	GlobalSection(SolutionProperties) = preSolution
		HideSolutionNode = FALSE
	EndGlobalSection
	GlobalSection(NestedProjects) = preSolution
		{2AD48C05-ED44-4E4F-B86B-A746E7F968A9} = {1987061F-8970-4018-8D58-6932961C9EB4}
		{4DE802A2-426D-4074-B9F3-710980B3EDA8} = {1987061F-8970-4018-8D58-6932961C9EB4}
		{45A800CF-C0D0-40A8-B070-9AC2C3E4312F} = {1987061F-8970-4018-8D58-6932961C9EB4}
		{A8550C24-2486-49DA-8D1A-DB6BBB2E9905} = {42EBB7E4-52D7-4E57-80AD-79FDD4900E13}
	EndGlobalSection
	GlobalSection(ExtensibilityGlobals) = postSolution
		SolutionGuid = {D5B2E7E3-B727-40A1-BE68-7BAC9B9DE2FE}
	EndGlobalSection
EndGlobal
